// !$*UTF8*$!
{
	archiveVersion = 1;
	classes = {
	};
	objectVersion = 50;
	objects = {

/* Begin PBXBuildFile section */
		18BC69B521031E0100D915A9 /* 2.jpg in Resources */ = {isa = PBXBuildFile; fileRef = 18BC69B421031E0000D915A9 /* 2.jpg */; };
		18BC69B721031E0B00D915A9 /* 1.jpg in Resources */ = {isa = PBXBuildFile; fileRef = 18BC69B621031E0B00D915A9 /* 1.jpg */; };
		18BEB26D21030899005F4E95 /* AppDelegate.m in Sources */ = {isa = PBXBuildFile; fileRef = 18BEB26C21030899005F4E95 /* AppDelegate.m */; };
		18BEB27021030899005F4E95 /* ViewController.m in Sources */ = {isa = PBXBuildFile; fileRef = 18BEB26F21030899005F4E95 /* ViewController.m */; };
		18BEB27321030899005F4E95 /* Main.storyboard in Resources */ = {isa = PBXBuildFile; fileRef = 18BEB27121030899005F4E95 /* Main.storyboard */; };
		18BEB275210308A3005F4E95 /* Assets.xcassets in Resources */ = {isa = PBXBuildFile; fileRef = 18BEB274210308A3005F4E95 /* Assets.xcassets */; };
		18BEB278210308A3005F4E95 /* LaunchScreen.storyboard in Resources */ = {isa = PBXBuildFile; fileRef = 18BEB276210308A3005F4E95 /* LaunchScreen.storyboard */; };
		18BEB27B210308A3005F4E95 /* main.m in Sources */ = {isa = PBXBuildFile; fileRef = 18BEB27A210308A3005F4E95 /* main.m */; };
/* End PBXBuildFile section */

/* Begin PBXFileReference section */
		18BC69B421031E0000D915A9 /* 2.jpg */ = {isa = PBXFileReference; lastKnownFileType = image.jpeg; name = 2.jpg; path = ../../../2.jpg; sourceTree = "<group>"; };
		18BC69B621031E0B00D915A9 /* 1.jpg */ = {isa = PBXFileReference; lastKnownFileType = image.jpeg; name = 1.jpg; path = ../../../1.jpg; sourceTree = "<group>"; };
		18BEB26821030899005F4E95 /* UIScrollView基础.app */ = {isa = PBXFileReference; explicitFileType = wrapper.application; includeInIndex = 0; path = "UIScrollView基础.app"; sourceTree = BUILT_PRODUCTS_DIR; };
		18BEB26B21030899005F4E95 /* AppDelegate.h */ = {isa = PBXFileReference; lastKnownFileType = sourcecode.c.h; path = AppDelegate.h; sourceTree = "<group>"; };
		18BEB26C21030899005F4E95 /* AppDelegate.m */ = {isa = PBXFileReference; lastKnownFileType = sourcecode.c.objc; path = AppDelegate.m; sourceTree = "<group>"; };
		18BEB26E21030899005F4E95 /* ViewController.h */ = {isa = PBXFileReference; lastKnownFileType = sourcecode.c.h; path = ViewController.h; sourceTree = "<group>"; };
		18BEB26F21030899005F4E95 /* ViewController.m */ = {isa = PBXFileReference; lastKnownFileType = sourcecode.c.objc; path = ViewController.m; sourceTree = "<group>"; };
		18BEB27221030899005F4E95 /* Base */ = {isa = PBXFileReference; lastKnownFileType = file.storyboard; name = Base; path = Base.lproj/Main.storyboard; sourceTree = "<group>"; };
		18BEB274210308A3005F4E95 /* Assets.xcassets */ = {isa = PBXFileReference; lastKnownFileType = folder.assetcatalog; path = Assets.xcassets; sourceTree = "<group>"; };
		18BEB277210308A3005F4E95 /* Base */ = {isa = PBXFileReference; lastKnownFileType = file.storyboard; name = Base; path = Base.lproj/LaunchScreen.storyboard; sourceTree = "<group>"; };
		18BEB279210308A3005F4E95 /* Info.plist */ = {isa = PBXFileReference; lastKnownFileType = text.plist.xml; path = Info.plist; sourceTree = "<group>"; };
		18BEB27A210308A3005F4E95 /* main.m */ = {isa = PBXFileReference; lastKnownFileType = sourcecode.c.objc; path = main.m; sourceTree = "<group>"; };
/* End PBXFileReference section */

/* Begin PBXFrameworksBuildPhase section */
		18BEB26521030899005F4E95 /* Frameworks */ = {
			isa = PBXFrameworksBuildPhase;
			buildActionMask = 2147483647;
			files = (
			);
			runOnlyForDeploymentPostprocessing = 0;
		};
/* End PBXFrameworksBuildPhase section */

/* Begin PBXGroup section */
		18BEB25F21030899005F4E95 = {
			isa = PBXGroup;
			children = (
				18BC69B621031E0B00D915A9 /* 1.jpg */,
				18BC69B421031E0000D915A9 /* 2.jpg */,
				18BEB26A21030899005F4E95 /* UIScrollView基础 */,
				18BEB26921030899005F4E95 /* Products */,
			);
			sourceTree = "<group>";
		};
		18BEB26921030899005F4E95 /* Products */ = {
			isa = PBXGroup;
			children = (
				18BEB26821030899005F4E95 /* UIScrollView基础.app */,
			);
			name = Products;
			sourceTree = "<group>";
		};
		18BEB26A21030899005F4E95 /* UIScrollView基础 */ = {
			isa = PBXGroup;
			children = (
				18BEB26B21030899005F4E95 /* AppDelegate.h */,
				18BEB26C21030899005F4E95 /* AppDelegate.m */,
				18BEB26E21030899005F4E95 /* ViewController.h */,
				18BEB26F21030899005F4E95 /* ViewController.m */,
				18BEB27121030899005F4E95 /* Main.storyboard */,
				18BEB274210308A3005F4E95 /* Assets.xcassets */,
				18BEB276210308A3005F4E95 /* LaunchScreen.storyboard */,
				18BEB279210308A3005F4E95 /* Info.plist */,
				18BEB27A210308A3005F4E95 /* main.m */,
			);
			path = "UIScrollView基础";
			sourceTree = "<group>";
		};
/* End PBXGroup section */

/* Begin PBXNativeTarget section */
		18BEB26721030899005F4E95 /* UIScrollView基础 */ = {
			isa = PBXNativeTarget;
			buildConfigurationList = 18BEB27E210308A3005F4E95 /* Build configuration list for PBXNativeTarget "UIScrollView基础" */;
			buildPhases = (
				18BEB26421030899005F4E95 /* Sources */,
				18BEB26521030899005F4E95 /* Frameworks */,
				18BEB26621030899005F4E95 /* Resources */,
			);
			buildRules = (
			);
			dependencies = (
			);
			name = "UIScrollView基础";
			productName = "UIScrollView基础";
			productReference = 18BEB26821030899005F4E95 /* UIScrollView基础.app */;
			productType = "com.apple.product-type.application";
		};
/* End PBXNativeTarget section */

/* Begin PBXProject section */
		18BEB26021030899005F4E95 /* Project object */ = {
			isa = PBXProject;
			attributes = {
				LastUpgradeCheck = 0930;
				ORGANIZATIONNAME = "姜凯文";
				TargetAttributes = {
					18BEB26721030899005F4E95 = {
						CreatedOnToolsVersion = 9.3.1;
					};
				};
			};
			buildConfigurationList = 18BEB26321030899005F4E95 /* Build configuration list for PBXProject "UIScrollView基础" */;
			compatibilityVersion = "Xcode 9.3";
			developmentRegion = en;
			hasScannedForEncodings = 0;
			knownRegions = (
				en,
				Base,
			);
			mainGroup = 18BEB25F21030899005F4E95;
			productRefGroup = 18BEB26921030899005F4E95 /* Products */;
			projectDirPath = "";
			projectRoot = "";
			targets = (
				18BEB26721030899005F4E95 /* UIScrollView基础 */,
			);
		};
/* End PBXProject section */

/* Begin PBXResourcesBuildPhase section */
		18BEB26621030899005F4E95 /* Resources */ = {
			isa = PBXResourcesBuildPhase;
			buildActionMask = 2147483647;
			files = (
				18BEB278210308A3005F4E95 /* LaunchScreen.storyboard in Resources */,
				18BEB275210308A3005F4E95 /* Assets.xcassets in Resources */,
				18BC69B521031E0100D915A9 /* 2.jpg in Resources */,
				18BEB27321030899005F4E95 /* Main.storyboard in Resources */,
				18BC69B721031E0B00D915A9 /* 1.jpg in Resources */,
			);
			runOnlyForDeploymentPostprocessing = 0;
		};
/* End PBXResourcesBuildPhase section */

/* Begin PBXSourcesBuildPhase section */
		18BEB26421030899005F4E95 /* Sources */ = {
			isa = PBXSourcesBuildPhase;
			buildActionMask = 2147483647;
			files = (
				18BEB27021030899005F4E95 /* ViewController.m in Sources */,
				18BEB27B210308A3005F4E95 /* main.m in Sources */,
				18BEB26D21030899005F4E95 /* AppDelegate.m in Sources */,
			);
			runOnlyForDeploymentPostprocessing = 0;
		};
/* End PBXSourcesBuildPhase section */

/* Begin PBXVariantGroup section */
		18BEB27121030899005F4E95 /* Main.storyboard */ = {
			isa = PBXVariantGroup;
			children = (
				18BEB27221030899005F4E95 /* Base */,
			);
			name = Main.storyboard;
			sourceTree = "<group>";
		};
		18BEB276210308A3005F4E95 /* LaunchScreen.storyboard */ = {
			isa = PBXVariantGroup;
			children = (
				18BEB277210308A3005F4E95 /* Base */,
			);
			name = LaunchScreen.storyboard;
			sourceTree = "<group>";
		};
/* End PBXVariantGroup section */

/* Begin XCBuildConfiguration section */
		18BEB27C210308A3005F4E95 /* Debug */ = {
			isa = XCBuildConfiguration;
			buildSettings = {
				ALWAYS_SEARCH_USER_PATHS = NO;
				CLANG_ANALYZER_NONNULL = YES;
				CLANG_ANALYZER_NUMBER_OBJECT_CONVERSION = YES_AGGRESSIVE;
				CLANG_CXX_LANGUAGE_STANDARD = "gnu++14";
				CLANG_CXX_LIBRARY = "libc++";
				CLANG_ENABLE_MODULES = YES;
				CLANG_ENABLE_OBJC_ARC = YES;
				CLANG_ENABLE_OBJC_WEAK = YES;
				CLANG_WARN_BLOCK_CAPTURE_AUTORELEASING = YES;
				CLANG_WARN_BOOL_CONVERSION = YES;
				CLANG_WARN_COMMA = YES;
				CLANG_WARN_CONSTANT_CONVERSION = YES;
				CLANG_WARN_DEPRECATED_OBJC_IMPLEMENTATIONS = YES;
				CLANG_WARN_DIRECT_OBJC_ISA_USAGE = YES_ERROR;
				CLANG_WARN_DOCUMENTATION_COMMENTS = YES;
				CLANG_WARN_EMPTY_BODY = YES;
				CLANG_WARN_ENUM_CONVERSION = YES;
				CLANG_WARN_INFINITE_RECURSION = YES;
				CLANG_WARN_INT_CONVERSION = YES;
				CLANG_WARN_NON_LITERAL_NULL_CONVERSION = YES;
				CLANG_WARN_OBJC_IMPLICIT_RETAIN_SELF = YES;
				CLANG_WARN_OBJC_LITERAL_CONVERSION = YES;
				CLANG_WARN_OBJC_ROOT_CLASS = YES_ERROR;
				CLANG_WARN_RANGE_LOOP_ANALYSIS = YES;
				CLANG_WARN_STRICT_PROTOTYPES = YES;
				CLANG_WARN_SUSPICIOUS_MOVE = YES;
				CLANG_WARN_UNGUARDED_AVAILABILITY = YES_AGGRESSIVE;
				CLANG_WARN_UNREACHABLE_CODE = YES;
				CLANG_WARN__DUPLICATE_METHOD_MATCH = YES;
				CODE_SIGN_IDENTITY = "iPhone Developer";
				COPY_PHASE_STRIP = NO;
				DEBUG_INFORMATION_FORMAT = dwarf;
				ENABLE_STRICT_OBJC_MSGSEND = YES;
				ENABLE_TESTABILITY = YES;
				GCC_C_LANGUAGE_STANDARD = gnu11;
				GCC_DYNAMIC_NO_PIC = NO;
				GCC_NO_COMMON_BLOCKS = YES;
				GCC_OPTIMIZATION_LEVEL = 0;
				GCC_PREPROCESSOR_DEFINITIONS = (
					"DEBUG=1",
					"$(inherited)",
				);
				GCC_WARN_64_TO_32_BIT_CONVERSION = YES;
				GCC_WARN_ABOUT_RETURN_TYPE = YES_ERROR;
				GCC_WARN_UNDECLARED_SELECTOR = YES;
				GCC_WARN_UNINITIALIZED_AUTOS = YES_AGGRESSIVE;
				GCC_WARN_UNUSED_FUNCTION = YES;
				GCC_WARN_UNUSED_VARIABLE = YES;
				IPHONEOS_DEPLOYMENT_TARGET = 11.3;
				MTL_ENABLE_DEBUG_INFO = YES;
				ONLY_ACTIVE_ARCH = YES;
				SDKROOT = iphoneos;
			};
			name = Debug;
		};
		18BEB27D210308A3005F4E95 /* Release */ = {
			isa = XCBuildConfiguration;
			buildSettings = {
				ALWAYS_SEARCH_USER_PATHS = NO;
				CLANG_ANALYZER_NONNULL = YES;
				CLANG_ANALYZER_NUMBER_OBJECT_CONVERSION = YES_AGGRESSIVE;
				CLANG_CXX_LANGUAGE_STANDARD = "gnu++14";
				CLANG_CXX_LIBRARY = "libc++";
				CLANG_ENABLE_MODULES = YES;
				CLANG_ENABLE_OBJC_ARC = YES;
				CLANG_ENABLE_OBJC_WEAK = YES;
				CLANG_WARN_BLOCK_CAPTURE_AUTORELEASING = YES;
				CLANG_WARN_BOOL_CONVERSION = YES;
				CLANG_WARN_COMMA = YES;
				CLANG_WARN_CONSTANT_CONVERSION = YES;
				CLANG_WARN_DEPRECATED_OBJC_IMPLEMENTATIONS = YES;
				CLANG_WARN_DIRECT_OBJC_ISA_USAGE = YES_ERROR;
				CLANG_WARN_DOCUMENTATION_COMMENTS = YES;
				CLANG_WARN_EMPTY_BODY = YES;
				CLANG_WARN_ENUM_CONVERSION = YES;
				CLANG_WARN_INFINITE_RECURSION = YES;
				CLANG_WARN_INT_CONVERSION = YES;
				CLANG_WARN_NON_LITERAL_NULL_CONVERSION = YES;
				CLANG_WARN_OBJC_IMPLICIT_RETAIN_SELF = YES;
				CLANG_WARN_OBJC_LITERAL_CONVERSION = YES;
				CLANG_WARN_OBJC_ROOT_CLASS = YES_ERROR;
				CLANG_WARN_RANGE_LOOP_ANALYSIS = YES;
				CLANG_WARN_STRICT_PROTOTYPES = YES;
				CLANG_WARN_SUSPICIOUS_MOVE = YES;
				CLANG_WARN_UNGUARDED_AVAILABILITY = YES_AGGRESSIVE;
				CLANG_WARN_UNREACHABLE_CODE = YES;
				CLANG_WARN__DUPLICATE_METHOD_MATCH = YES;
				CODE_SIGN_IDENTITY = "iPhone Developer";
				COPY_PHASE_STRIP = NO;
				DEBUG_INFORMATION_FORMAT = "dwarf-with-dsym";
				ENABLE_NS_ASSERTIONS = NO;
				ENABLE_STRICT_OBJC_MSGSEND = YES;
				GCC_C_LANGUAGE_STANDARD = gnu11;
				GCC_NO_COMMON_BLOCKS = YES;
				GCC_WARN_64_TO_32_BIT_CONVERSION = YES;
				GCC_WARN_ABOUT_RETURN_TYPE = YES_ERROR;
				GCC_WARN_UNDECLARED_SELECTOR = YES;
				GCC_WARN_UNINITIALIZED_AUTOS = YES_AGGRESSIVE;
				GCC_WARN_UNUSED_FUNCTION = YES;
				GCC_WARN_UNUSED_VARIABLE = YES;
				IPHONEOS_DEPLOYMENT_TARGET = 11.3;
				MTL_ENABLE_DEBUG_INFO = NO;
				SDKROOT = iphoneos;
				VALIDATE_PRODUCT = YES;
			};
			name = Release;
		};
		18BEB27F210308A3005F4E95 /* Debug */ = {
			isa = XCBuildConfiguration;
			buildSettings = {
				ASSETCATALOG_COMPILER_APPICON_NAME = AppIcon;
				CODE_SIGN_STYLE = Automatic;
				INFOPLIST_FILE = "UIScrollView基础/Info.plist";
				LD_RUNPATH_SEARCH_PATHS = (
					"$(inherited)",
					"@executable_path/Frameworks",
				);
				PRODUCT_BUNDLE_IDENTIFIER = "jkw.UIScrollView--";
				PRODUCT_NAME = "$(TARGET_NAME)";
				TARGETED_DEVICE_FAMILY = "1,2";
			};
			name = Debug;
		};
		18BEB280210308A3005F4E95 /* Release */ = {
			isa = XCBuildConfiguration;
			buildSettings = {
				ASSETCATALOG_COMPILER_APPICON_NAME = AppIcon;
				CODE_SIGN_STYLE = Automatic;
				INFOPLIST_FILE = "UIScrollView基础/Info.plist";
				LD_RUNPATH_SEARCH_PATHS = (
					"$(inherited)",
					"@executable_path/Frameworks",
				);
				PRODUCT_BUNDLE_IDENTIFIER = "jkw.UIScrollView--";
				PRODUCT_NAME = "$(TARGET_NAME)";
				TARGETED_DEVICE_FAMILY = "1,2";
			};
			name = Release;
		};
/* End XCBuildConfiguration section */

/* Begin XCConfigurationList section */
		18BEB26321030899005F4E95 /* Build configuration list for PBXProject "UIScrollView基础" */ = {
			isa = XCConfigurationList;
			buildConfigurations = (
				18BEB27C210308A3005F4E95 /* Debug */,
				18BEB27D210308A3005F4E95 /* Release */,
			);
			defaultConfigurationIsVisible = 0;
			defaultConfigurationName = Release;
		};
		18BEB27E210308A3005F4E95 /* Build configuration list for PBXNativeTarget "UIScrollView基础" */ = {
			isa = XCConfigurationList;
			buildConfigurations = (
				18BEB27F210308A3005F4E95 /* Debug */,
				18BEB280210308A3005F4E95 /* Release */,
			);
			defaultConfigurationIsVisible = 0;
			defaultConfigurationName = Release;
		};
/* End XCConfigurationList section */
	};
	rootObject = 18BEB26021030899005F4E95 /* Project object */;
}
